
Microsoft Visual Studio Solution File, Format Version 12.00
# Visual Studio Version 17
VisualStudioVersion = 17.6.33723.286
MinimumVisualStudioVersion = 10.0.40219.1
Project("{9A19103F-16F7-4668-BE54-9A1E7A4F7556}") = "BookStackApiClient", "src\BookStackApiClient.csproj", "{18715861-4579-4AAC-A37B-FF0A7953B43E}"
EndProject
Project("{9A19103F-16F7-4668-BE54-9A1E7A4F7556}") = "BookStackClientTests", "test\BookStackClientTests.csproj", "{01EB5BB8-9F62-4587-8F23-DEF6EF092EA2}"
EndProject
Project("{2150E333-8FDC-42A3-9474-1A3956D46DE8}") = "ソリューション項目", "ソリューション項目", "{3861BA07-A431-4E2F-9A1B-4FEF9D0A199F}"
	ProjectSection(SolutionItems) = preProject
		.editorconfig = .editorconfig
	EndProjectSection
EndProject
Global
	GlobalSection(SolutionConfigurationPlatforms) = preSolution
		Debug|Any CPU = Debug|Any CPU
		Release|Any CPU = Release|Any CPU
	EndGlobalSection
	GlobalSection(ProjectConfigurationPlatforms) = postSolution
		{18715861-4579-4AAC-A37B-FF0A7953B43E}.Debug|Any CPU.ActiveCfg = Debug|Any CPU
		{18715861-4579-4AAC-A37B-FF0A7953B43E}.Debug|Any CPU.Build.0 = Debug|Any CPU
		{18715861-4579-4AAC-A37B-FF0A7953B43E}.Release|Any CPU.ActiveCfg = Release|Any CPU
		{18715861-4579-4AAC-A37B-FF0A7953B43E}.Release|Any CPU.Build.0 = Release|Any CPU
		{01EB5BB8-9F62-4587-8F23-DEF6EF092EA2}.Debug|Any CPU.ActiveCfg = Debug|Any CPU
		{01EB5BB8-9F62-4587-8F23-DEF6EF092EA2}.Debug|Any CPU.Build.0 = Debug|Any CPU
		{01EB5BB8-9F62-4587-8F23-DEF6EF092EA2}.Release|Any CPU.ActiveCfg = Release|Any CPU
		{01EB5BB8-9F62-4587-8F23-DEF6EF092EA2}.Release|Any CPU.Build.0 = Release|Any CPU
	EndGlobalSection
	GlobalSection(SolutionProperties) = preSolution
		HideSolutionNode = FALSE
	EndGlobalSection
	GlobalSection(ExtensibilityGlobals) = postSolution
		SolutionGuid = {43670610-8B1A-4638-BC99-D117C6CD36B2}
	EndGlobalSection
EndGlobal
